
Microsoft Visual Studio Solution File, Format Version 12.00
# Visual Studio Version 17
VisualStudioVersion = 17.4.33110.190
MinimumVisualStudioVersion = 10.0.40219.1
Project("{2150E333-8FDC-42A3-9474-1A3956D46DE8}") = "Solution Items", "Solution Items", "{D657C3B1-2A83-4B53-AD5C-2A93BE458464}"
	ProjectSection(SolutionItems) = preProject
		.gitignore = .gitignore
		PostmanCollection\Airport Car Parking.postman_collection.json = PostmanCollection\Airport Car Parking.postman_collection.json
		example.jpg = example.jpg
		README.md = README.md
	EndProjectSection
EndProject
Project("{9A19103F-16F7-4668-BE54-9A1E7A4F7556}") = "ParkingReservation.Api", "ParkingReservation.Api\ParkingReservation.Api.csproj", "{863921CD-C753-4A53-BF1D-144AE86E17D5}"
EndProject
Project("{9A19103F-16F7-4668-BE54-9A1E7A4F7556}") = "ParkingReservation.Api.Tests", "ParkingReservation.Api.Tests\ParkingReservation.Api.Tests.csproj", "{86778F03-1273-44D2-A3C2-7C120A0ED07F}"
EndProject
Project("{9A19103F-16F7-4668-BE54-9A1E7A4F7556}") = "ParkingReservation.Core", "ParkingReservation.Core\ParkingReservation.Core.csproj", "{F5B37D2F-1F85-45BD-B955-C4E3735E3E3A}"
EndProject
Project("{9A19103F-16F7-4668-BE54-9A1E7A4F7556}") = "ParkingReservation.Core.Tests", "ParkingReservation.Core.Tests\ParkingReservation.Core.Tests.csproj", "{9CB027DB-F97A-4DFA-8C2D-5918AD44F264}"
EndProject
Project("{9A19103F-16F7-4668-BE54-9A1E7A4F7556}") = "ParkingReservation.Core.TestHelpers", "ParkingReservation.Core.TestHelpers\ParkingReservation.Core.TestHelpers.csproj", "{408E6E90-DE02-4B5B-A27E-6176D9E500F1}"
EndProject
Project("{2150E333-8FDC-42A3-9474-1A3956D46DE8}") = "Postman Collection", "Postman Collection", "{8CF9DCD6-F0C9-4E48-B75A-328B214AD93A}"
	ProjectSection(SolutionItems) = preProject
		PostmanCollection\Airport Car Parking.postman_collection.json = PostmanCollection\Airport Car Parking.postman_collection.json
	EndProjectSection
EndProject
Global
	GlobalSection(SolutionConfigurationPlatforms) = preSolution
		Debug|Any CPU = Debug|Any CPU
		Release|Any CPU = Release|Any CPU
	EndGlobalSection
	GlobalSection(ProjectConfigurationPlatforms) = postSolution
		{863921CD-C753-4A53-BF1D-144AE86E17D5}.Debug|Any CPU.ActiveCfg = Debug|Any CPU
		{863921CD-C753-4A53-BF1D-144AE86E17D5}.Debug|Any CPU.Build.0 = Debug|Any CPU
		{863921CD-C753-4A53-BF1D-144AE86E17D5}.Release|Any CPU.ActiveCfg = Release|Any CPU
		{863921CD-C753-4A53-BF1D-144AE86E17D5}.Release|Any CPU.Build.0 = Release|Any CPU
		{86778F03-1273-44D2-A3C2-7C120A0ED07F}.Debug|Any CPU.ActiveCfg = Debug|Any CPU
		{86778F03-1273-44D2-A3C2-7C120A0ED07F}.Debug|Any CPU.Build.0 = Debug|Any CPU
		{86778F03-1273-44D2-A3C2-7C120A0ED07F}.Release|Any CPU.ActiveCfg = Release|Any CPU
		{86778F03-1273-44D2-A3C2-7C120A0ED07F}.Release|Any CPU.Build.0 = Release|Any CPU
		{F5B37D2F-1F85-45BD-B955-C4E3735E3E3A}.Debug|Any CPU.ActiveCfg = Debug|Any CPU
		{F5B37D2F-1F85-45BD-B955-C4E3735E3E3A}.Debug|Any CPU.Build.0 = Debug|Any CPU
		{F5B37D2F-1F85-45BD-B955-C4E3735E3E3A}.Release|Any CPU.ActiveCfg = Release|Any CPU
		{F5B37D2F-1F85-45BD-B955-C4E3735E3E3A}.Release|Any CPU.Build.0 = Release|Any CPU
		{9CB027DB-F97A-4DFA-8C2D-5918AD44F264}.Debug|Any CPU.ActiveCfg = Debug|Any CPU
		{9CB027DB-F97A-4DFA-8C2D-5918AD44F264}.Debug|Any CPU.Build.0 = Debug|Any CPU
		{9CB027DB-F97A-4DFA-8C2D-5918AD44F264}.Release|Any CPU.ActiveCfg = Release|Any CPU
		{9CB027DB-F97A-4DFA-8C2D-5918AD44F264}.Release|Any CPU.Build.0 = Release|Any CPU
		{408E6E90-DE02-4B5B-A27E-6176D9E500F1}.Debug|Any CPU.ActiveCfg = Debug|Any CPU
		{408E6E90-DE02-4B5B-A27E-6176D9E500F1}.Debug|Any CPU.Build.0 = Debug|Any CPU
		{408E6E90-DE02-4B5B-A27E-6176D9E500F1}.Release|Any CPU.ActiveCfg = Release|Any CPU
		{408E6E90-DE02-4B5B-A27E-6176D9E500F1}.Release|Any CPU.Build.0 = Release|Any CPU
	EndGlobalSection
	GlobalSection(SolutionProperties) = preSolution
		HideSolutionNode = FALSE
	EndGlobalSection
	GlobalSection(ExtensibilityGlobals) = postSolution
		SolutionGuid = {92BA0AB3-097A-4913-AA9C-B01040301388}
	EndGlobalSection
EndGlobal
